
Microsoft Visual Studio Solution File, Format Version 12.00
# Visual Studio Version 17
VisualStudioVersion = 17.9.34622.214
MinimumVisualStudioVersion = 10.0.40219.1
Project("{FAE04EC0-301F-11D3-BF4B-00C04F79EFBC}") = "TPW", "TPW\TPW.csproj", "{B79B68C7-9EEF-4D4D-976B-B27C1964DB7C}"
EndProject
Project("{FAE04EC0-301F-11D3-BF4B-00C04F79EFBC}") = "TPW.Tests", "TPW.Tests\TPW.Tests.csproj", "{771E5FE2-8B3F-4835-ADD6-0187D72ECCF0}"
EndProject
Global
	GlobalSection(SolutionConfigurationPlatforms) = preSolution
		Debug|Any CPU = Debug|Any CPU
		Release|Any CPU = Release|Any CPU
	EndGlobalSection
	GlobalSection(ProjectConfigurationPlatforms) = postSolution
		{B79B68C7-9EEF-4D4D-976B-B27C1964DB7C}.Debug|Any CPU.ActiveCfg = Debug|Any CPU
		{B79B68C7-9EEF-4D4D-976B-B27C1964DB7C}.Debug|Any CPU.Build.0 = Debug|Any CPU
		{B79B68C7-9EEF-4D4D-976B-B27C1964DB7C}.Release|Any CPU.ActiveCfg = Release|Any CPU
		{B79B68C7-9EEF-4D4D-976B-B27C1964DB7C}.Release|Any CPU.Build.0 = Release|Any CPU
		{771E5FE2-8B3F-4835-ADD6-0187D72ECCF0}.Debug|Any CPU.ActiveCfg = Debug|Any CPU
		{771E5FE2-8B3F-4835-ADD6-0187D72ECCF0}.Debug|Any CPU.Build.0 = Debug|Any CPU
		{771E5FE2-8B3F-4835-ADD6-0187D72ECCF0}.Release|Any CPU.ActiveCfg = Release|Any CPU
		{771E5FE2-8B3F-4835-ADD6-0187D72ECCF0}.Release|Any CPU.Build.0 = Release|Any CPU
	EndGlobalSection
	GlobalSection(SolutionProperties) = preSolution
		HideSolutionNode = FALSE
	EndGlobalSection
	GlobalSection(ExtensibilityGlobals) = postSolution
		SolutionGuid = {9FB98E9B-D5C3-4192-94CB-5BBABE66E658}
	EndGlobalSection
EndGlobal
